
Microsoft Visual Studio Solution File, Format Version 12.00
# Visual Studio Version 16
VisualStudioVersion = 16.0.29009.5
MinimumVisualStudioVersion = 10.0.40219.1
Project("{9A19103F-16F7-4668-BE54-9A1E7A4F7556}") = "WiredBrainCoffee.ShopInfoTool", "WiredBrainCoffee.ShopInfoTool.csproj", "{FBD64B4F-9D41-4DD4-B9EB-589800A59F0F}"
EndProject
Project("{9A19103F-16F7-4668-BE54-9A1E7A4F7556}") = "WiredBrainCoffee.DataAccess", "..\WiredBrainCoffee.DataAccess\WiredBrainCoffee.DataAccess.csproj", "{0581A619-9327-4258-90EC-048CD6240556}"
EndProject
Global
	GlobalSection(SolutionConfigurationPlatforms) = preSolution
		Debug|Any CPU = Debug|Any CPU
		Release|Any CPU = Release|Any CPU
	EndGlobalSection
	GlobalSection(ProjectConfigurationPlatforms) = postSolution
		{FBD64B4F-9D41-4DD4-B9EB-589800A59F0F}.Debug|Any CPU.ActiveCfg = Debug|Any CPU
		{FBD64B4F-9D41-4DD4-B9EB-589800A59F0F}.Debug|Any CPU.Build.0 = Debug|Any CPU
		{FBD64B4F-9D41-4DD4-B9EB-589800A59F0F}.Release|Any CPU.ActiveCfg = Release|Any CPU
		{FBD64B4F-9D41-4DD4-B9EB-589800A59F0F}.Release|Any CPU.Build.0 = Release|Any CPU
		{0581A619-9327-4258-90EC-048CD6240556}.Debug|Any CPU.ActiveCfg = Debug|Any CPU
		{0581A619-9327-4258-90EC-048CD6240556}.Debug|Any CPU.Build.0 = Debug|Any CPU
		{0581A619-9327-4258-90EC-048CD6240556}.Release|Any CPU.ActiveCfg = Release|Any CPU
		{0581A619-9327-4258-90EC-048CD6240556}.Release|Any CPU.Build.0 = Release|Any CPU
	EndGlobalSection
	GlobalSection(SolutionProperties) = preSolution
		HideSolutionNode = FALSE
	EndGlobalSection
	GlobalSection(ExtensibilityGlobals) = postSolution
		SolutionGuid = {3C8B649D-8976-48A9-8F08-90C6819AA2A7}
	EndGlobalSection
EndGlobal
